// !$*UTF8*$!
{
	archiveVersion = 1;
	classes = {
	};
	objectVersion = 46;
	objects = {

/* Begin PBXBuildFile section */
		30456EBE19EBBC1800F3A6CA /* background.png in Resources */ = {isa = PBXBuildFile; fileRef = 30456EBD19EBBC1800F3A6CA /* background.png */; };
		5B25D4EC19DA5410000D00B6 /* button_back_unselected.png in Resources */ = {isa = PBXBuildFile; fileRef = 5B25D4EB19DA5410000D00B6 /* button_back_unselected.png */; };
		5B439E0E19DC06F60098459D /* ThumbItem.m in Sources */ = {isa = PBXBuildFile; fileRef = 5B439E0D19DC06F60098459D /* ThumbItem.m */; };
		5B48AB8719D957C900B77FC7 /* BottomTabBar.m in Sources */ = {isa = PBXBuildFile; fileRef = 5B48AB8619D957C900B77FC7 /* BottomTabBar.m */; };
		5B88106619D416A40068AF73 /* ThumView.m in Sources */ = {isa = PBXBuildFile; fileRef = 5B88106519D416A40068AF73 /* ThumView.m */; };
		5B88106819D4176E0068AF73 /* test.png in Resources */ = {isa = PBXBuildFile; fileRef = 5B88106719D4176E0068AF73 /* test.png */; };
		5BA14D3919D27C3C008A730E /* Foundation.framework in Frameworks */ = {isa = PBXBuildFile; fileRef = 5BA14D3819D27C3C008A730E /* Foundation.framework */; };
		5BA14D3B19D27C3C008A730E /* CoreGraphics.framework in Frameworks */ = {isa = PBXBuildFile; fileRef = 5BA14D3A19D27C3C008A730E /* CoreGraphics.framework */; };
		5BA14D3D19D27C3C008A730E /* UIKit.framework in Frameworks */ = {isa = PBXBuildFile; fileRef = 5BA14D3C19D27C3C008A730E /* UIKit.framework */; };
		5BA14D4319D27C3C008A730E /* InfoPlist.strings in Resources */ = {isa = PBXBuildFile; fileRef = 5BA14D4119D27C3C008A730E /* InfoPlist.strings */; };
		5BA14D4519D27C3C008A730E /* main.m in Sources */ = {isa = PBXBuildFile; fileRef = 5BA14D4419D27C3C008A730E /* main.m */; };
		5BA14D4919D27C3C008A730E /* AppDelegate.m in Sources */ = {isa = PBXBuildFile; fileRef = 5BA14D4819D27C3C008A730E /* AppDelegate.m */; };
		5BA14D4C19D27C3C008A730E /* Main.storyboard in Resources */ = {isa = PBXBuildFile; fileRef = 5BA14D4A19D27C3C008A730E /* Main.storyboard */; };
		5BA14D4F19D27C3C008A730E /* ViewController.m in Sources */ = {isa = PBXBuildFile; fileRef = 5BA14D4E19D27C3C008A730E /* ViewController.m */; };
		5BA14D5119D27C3C008A730E /* Images.xcassets in Resources */ = {isa = PBXBuildFile; fileRef = 5BA14D5019D27C3C008A730E /* Images.xcassets */; };
		5BA14D5819D27C3C008A730E /* XCTest.framework in Frameworks */ = {isa = PBXBuildFile; fileRef = 5BA14D5719D27C3C008A730E /* XCTest.framework */; };
		5BA14D5919D27C3C008A730E /* Foundation.framework in Frameworks */ = {isa = PBXBuildFile; fileRef = 5BA14D3819D27C3C008A730E /* Foundation.framework */; };
		5BA14D5A19D27C3C008A730E /* UIKit.framework in Frameworks */ = {isa = PBXBuildFile; fileRef = 5BA14D3C19D27C3C008A730E /* UIKit.framework */; };
		5BA14D6219D27C3D008A730E /* InfoPlist.strings in Resources */ = {isa = PBXBuildFile; fileRef = 5BA14D6019D27C3D008A730E /* InfoPlist.strings */; };
		5BA14D6419D27C3D008A730E /* DrawOvalTests.m in Sources */ = {isa = PBXBuildFile; fileRef = 5BA14D6319D27C3D008A730E /* DrawOvalTests.m */; };
/* End PBXBuildFile section */

/* Begin PBXContainerItemProxy section */
		5BA14D5B19D27C3C008A730E /* PBXContainerItemProxy */ = {
			isa = PBXContainerItemProxy;
			containerPortal = 5BA14D2D19D27C3C008A730E /* Project object */;
			proxyType = 1;
			remoteGlobalIDString = 5BA14D3419D27C3C008A730E;
			remoteInfo = DrawOval;
		};
/* End PBXContainerItemProxy section */

/* Begin PBXFileReference section */
		30456EBD19EBBC1800F3A6CA /* background.png */ = {isa = PBXFileReference; lastKnownFileType = image.png; path = background.png; sourceTree = "<group>"; };
		5B25D4EB19DA5410000D00B6 /* button_back_unselected.png */ = {isa = PBXFileReference; lastKnownFileType = image.png; path = button_back_unselected.png; sourceTree = "<group>"; };
		5B439E0C19DC06F60098459D /* ThumbItem.h */ = {isa = PBXFileReference; fileEncoding = 4; lastKnownFileType = sourcecode.c.h; path = ThumbItem.h; sourceTree = "<group>"; };
		5B439E0D19DC06F60098459D /* ThumbItem.m */ = {isa = PBXFileReference; fileEncoding = 4; lastKnownFileType = sourcecode.c.objc; path = ThumbItem.m; sourceTree = "<group>"; };
		5B48AB8519D957C900B77FC7 /* BottomTabBar.h */ = {isa = PBXFileReference; fileEncoding = 4; lastKnownFileType = sourcecode.c.h; path = BottomTabBar.h; sourceTree = "<group>"; };
		5B48AB8619D957C900B77FC7 /* BottomTabBar.m */ = {isa = PBXFileReference; fileEncoding = 4; lastKnownFileType = sourcecode.c.objc; path = BottomTabBar.m; sourceTree = "<group>"; };
		5B88106419D416A40068AF73 /* ThumView.h */ = {isa = PBXFileReference; fileEncoding = 4; lastKnownFileType = sourcecode.c.h; path = ThumView.h; sourceTree = "<group>"; };
		5B88106519D416A40068AF73 /* ThumView.m */ = {isa = PBXFileReference; fileEncoding = 4; lastKnownFileType = sourcecode.c.objc; path = ThumView.m; sourceTree = "<group>"; };
		5B88106719D4176E0068AF73 /* test.png */ = {isa = PBXFileReference; lastKnownFileType = image.png; path = test.png; sourceTree = "<group>"; };
		5BA14D3519D27C3C008A730E /* DrawOval.app */ = {isa = PBXFileReference; explicitFileType = wrapper.application; includeInIndex = 0; path = DrawOval.app; sourceTree = BUILT_PRODUCTS_DIR; };
		5BA14D3819D27C3C008A730E /* Foundation.framework */ = {isa = PBXFileReference; lastKnownFileType = wrapper.framework; name = Foundation.framework; path = System/Library/Frameworks/Foundation.framework; sourceTree = SDKROOT; };
		5BA14D3A19D27C3C008A730E /* CoreGraphics.framework */ = {isa = PBXFileReference; lastKnownFileType = wrapper.framework; name = CoreGraphics.framework; path = System/Library/Frameworks/CoreGraphics.framework; sourceTree = SDKROOT; };
		5BA14D3C19D27C3C008A730E /* UIKit.framework */ = {isa = PBXFileReference; lastKnownFileType = wrapper.framework; name = UIKit.framework; path = System/Library/Frameworks/UIKit.framework; sourceTree = SDKROOT; };
		5BA14D4019D27C3C008A730E /* DrawOval-Info.plist */ = {isa = PBXFileReference; lastKnownFileType = text.plist.xml; path = "DrawOval-Info.plist"; sourceTree = "<group>"; };
		5BA14D4219D27C3C008A730E /* en */ = {isa = PBXFileReference; lastKnownFileType = text.plist.strings; name = en; path = en.lproj/InfoPlist.strings; sourceTree = "<group>"; };
		5BA14D4419D27C3C008A730E /* main.m */ = {isa = PBXFileReference; lastKnownFileType = sourcecode.c.objc; path = main.m; sourceTree = "<group>"; };
		5BA14D4619D27C3C008A730E /* DrawOval-Prefix.pch */ = {isa = PBXFileReference; lastKnownFileType = sourcecode.c.h; path = "DrawOval-Prefix.pch"; sourceTree = "<group>"; };
		5BA14D4719D27C3C008A730E /* AppDelegate.h */ = {isa = PBXFileReference; lastKnownFileType = sourcecode.c.h; path = AppDelegate.h; sourceTree = "<group>"; };
		5BA14D4819D27C3C008A730E /* AppDelegate.m */ = {isa = PBXFileReference; lastKnownFileType = sourcecode.c.objc; path = AppDelegate.m; sourceTree = "<group>"; };
		5BA14D4B19D27C3C008A730E /* Base */ = {isa = PBXFileReference; lastKnownFileType = file.storyboard; name = Base; path = Base.lproj/Main.storyboard; sourceTree = "<group>"; };
		5BA14D4D19D27C3C008A730E /* ViewController.h */ = {isa = PBXFileReference; lastKnownFileType = sourcecode.c.h; path = ViewController.h; sourceTree = "<group>"; };
		5BA14D4E19D27C3C008A730E /* ViewController.m */ = {isa = PBXFileReference; lastKnownFileType = sourcecode.c.objc; path = ViewController.m; sourceTree = "<group>"; };
		5BA14D5019D27C3C008A730E /* Images.xcassets */ = {isa = PBXFileReference; lastKnownFileType = folder.assetcatalog; path = Images.xcassets; sourceTree = "<group>"; };
		5BA14D5619D27C3C008A730E /* DrawOvalTests.xctest */ = {isa = PBXFileReference; explicitFileType = wrapper.cfbundle; includeInIndex = 0; path = DrawOvalTests.xctest; sourceTree = BUILT_PRODUCTS_DIR; };
		5BA14D5719D27C3C008A730E /* XCTest.framework */ = {isa = PBXFileReference; lastKnownFileType = wrapper.framework; name = XCTest.framework; path = Library/Frameworks/XCTest.framework; sourceTree = DEVELOPER_DIR; };
		5BA14D5F19D27C3D008A730E /* DrawOvalTests-Info.plist */ = {isa = PBXFileReference; lastKnownFileType = text.plist.xml; path = "DrawOvalTests-Info.plist"; sourceTree = "<group>"; };
		5BA14D6119D27C3D008A730E /* en */ = {isa = PBXFileReference; lastKnownFileType = text.plist.strings; name = en; path = en.lproj/InfoPlist.strings; sourceTree = "<group>"; };
		5BA14D6319D27C3D008A730E /* DrawOvalTests.m */ = {isa = PBXFileReference; lastKnownFileType = sourcecode.c.objc; path = DrawOvalTests.m; sourceTree = "<group>"; };
/* End PBXFileReference section */

/* Begin PBXFrameworksBuildPhase section */
		5BA14D3219D27C3C008A730E /* Frameworks */ = {
			isa = PBXFrameworksBuildPhase;
			buildActionMask = 2147483647;
			files = (
				5BA14D3B19D27C3C008A730E /* CoreGraphics.framework in Frameworks */,
				5BA14D3D19D27C3C008A730E /* UIKit.framework in Frameworks */,
				5BA14D3919D27C3C008A730E /* Foundation.framework in Frameworks */,
			);
			runOnlyForDeploymentPostprocessing = 0;
		};
		5BA14D5319D27C3C008A730E /* Frameworks */ = {
			isa = PBXFrameworksBuildPhase;
			buildActionMask = 2147483647;
			files = (
				5BA14D5819D27C3C008A730E /* XCTest.framework in Frameworks */,
				5BA14D5A19D27C3C008A730E /* UIKit.framework in Frameworks */,
				5BA14D5919D27C3C008A730E /* Foundation.framework in Frameworks */,
			);
			runOnlyForDeploymentPostprocessing = 0;
		};
/* End PBXFrameworksBuildPhase section */

/* Begin PBXGroup section */
		5BA14D2C19D27C3C008A730E = {
			isa = PBXGroup;
			children = (
				5BA14D3E19D27C3C008A730E /* DrawOval */,
				5BA14D5D19D27C3C008A730E /* DrawOvalTests */,
				5BA14D3719D27C3C008A730E /* Frameworks */,
				5BA14D3619D27C3C008A730E /* Products */,
			);
			sourceTree = "<group>";
		};
		5BA14D3619D27C3C008A730E /* Products */ = {
			isa = PBXGroup;
			children = (
				5BA14D3519D27C3C008A730E /* DrawOval.app */,
				5BA14D5619D27C3C008A730E /* DrawOvalTests.xctest */,
			);
			name = Products;
			sourceTree = "<group>";
		};
		5BA14D3719D27C3C008A730E /* Frameworks */ = {
			isa = PBXGroup;
			children = (
				5BA14D3819D27C3C008A730E /* Foundation.framework */,
				5BA14D3A19D27C3C008A730E /* CoreGraphics.framework */,
				5BA14D3C19D27C3C008A730E /* UIKit.framework */,
				5BA14D5719D27C3C008A730E /* XCTest.framework */,
			);
			name = Frameworks;
			sourceTree = "<group>";
		};
		5BA14D3E19D27C3C008A730E /* DrawOval */ = {
			isa = PBXGroup;
			children = (
				5BA14D4719D27C3C008A730E /* AppDelegate.h */,
				5BA14D4819D27C3C008A730E /* AppDelegate.m */,
				5BA14D4A19D27C3C008A730E /* Main.storyboard */,
				5BA14D4D19D27C3C008A730E /* ViewController.h */,
				5BA14D4E19D27C3C008A730E /* ViewController.m */,
				5BA14D5019D27C3C008A730E /* Images.xcassets */,
				5BA14D3F19D27C3C008A730E /* Supporting Files */,
				5B88106419D416A40068AF73 /* ThumView.h */,
				5B88106519D416A40068AF73 /* ThumView.m */,
				5B48AB8519D957C900B77FC7 /* BottomTabBar.h */,
				5B48AB8619D957C900B77FC7 /* BottomTabBar.m */,
				5B439E0C19DC06F60098459D /* ThumbItem.h */,
				5B439E0D19DC06F60098459D /* ThumbItem.m */,
				30456EBD19EBBC1800F3A6CA /* background.png */,
			);
			path = DrawOval;
			sourceTree = "<group>";
		};
		5BA14D3F19D27C3C008A730E /* Supporting Files */ = {
			isa = PBXGroup;
			children = (
				5B25D4EB19DA5410000D00B6 /* button_back_unselected.png */,
				5B88106719D4176E0068AF73 /* test.png */,
				5BA14D4019D27C3C008A730E /* DrawOval-Info.plist */,
				5BA14D4119D27C3C008A730E /* InfoPlist.strings */,
				5BA14D4419D27C3C008A730E /* main.m */,
				5BA14D4619D27C3C008A730E /* DrawOval-Prefix.pch */,
			);
			name = "Supporting Files";
			sourceTree = "<group>";
		};
		5BA14D5D19D27C3C008A730E /* DrawOvalTests */ = {
			isa = PBXGroup;
			children = (
				5BA14D6319D27C3D008A730E /* DrawOvalTests.m */,
				5BA14D5E19D27C3D008A730E /* Supporting Files */,
			);
			path = DrawOvalTests;
			sourceTree = "<group>";
		};
		5BA14D5E19D27C3D008A730E /* Supporting Files */ = {
			isa = PBXGroup;
			children = (
				5BA14D5F19D27C3D008A730E /* DrawOvalTests-Info.plist */,
				5BA14D6019D27C3D008A730E /* InfoPlist.strings */,
			);
			name = "Supporting Files";
			sourceTree = "<group>";
		};
/* End PBXGroup section */

/* Begin PBXNativeTarget section */
		5BA14D3419D27C3C008A730E /* DrawOval */ = {
			isa = PBXNativeTarget;
			buildConfigurationList = 5BA14D6719D27C3D008A730E /* Build configuration list for PBXNativeTarget "DrawOval" */;
			buildPhases = (
				5BA14D3119D27C3C008A730E /* Sources */,
				5BA14D3219D27C3C008A730E /* Frameworks */,
				5BA14D3319D27C3C008A730E /* Resources */,
			);
			buildRules = (
			);
			dependencies = (
			);
			name = DrawOval;
			productName = DrawOval;
			productReference = 5BA14D3519D27C3C008A730E /* DrawOval.app */;
			productType = "com.apple.product-type.application";
		};
		5BA14D5519D27C3C008A730E /* DrawOvalTests */ = {
			isa = PBXNativeTarget;
			buildConfigurationList = 5BA14D6A19D27C3D008A730E /* Build configuration list for PBXNativeTarget "DrawOvalTests" */;
			buildPhases = (
				5BA14D5219D27C3C008A730E /* Sources */,
				5BA14D5319D27C3C008A730E /* Frameworks */,
				5BA14D5419D27C3C008A730E /* Resources */,
			);
			buildRules = (
			);
			dependencies = (
				5BA14D5C19D27C3C008A730E /* PBXTargetDependency */,
			);
			name = DrawOvalTests;
			productName = DrawOvalTests;
			productReference = 5BA14D5619D27C3C008A730E /* DrawOvalTests.xctest */;
			productType = "com.apple.product-type.bundle.unit-test";
		};
/* End PBXNativeTarget section */

/* Begin PBXProject section */
		5BA14D2D19D27C3C008A730E /* Project object */ = {
			isa = PBXProject;
			attributes = {
				LastUpgradeCheck = 0510;
				ORGANIZATIONNAME = "Dinh Linh";
				TargetAttributes = {
					5BA14D5519D27C3C008A730E = {
						TestTargetID = 5BA14D3419D27C3C008A730E;
					};
				};
			};
			buildConfigurationList = 5BA14D3019D27C3C008A730E /* Build configuration list for PBXProject "DrawOval" */;
			compatibilityVersion = "Xcode 3.2";
			developmentRegion = English;
			hasScannedForEncodings = 0;
			knownRegions = (
				en,
				Base,
			);
			mainGroup = 5BA14D2C19D27C3C008A730E;
			productRefGroup = 5BA14D3619D27C3C008A730E /* Products */;
			projectDirPath = "";
			projectRoot = "";
			targets = (
				5BA14D3419D27C3C008A730E /* DrawOval */,
				5BA14D5519D27C3C008A730E /* DrawOvalTests */,
			);
		};
/* End PBXProject section */

/* Begin PBXResourcesBuildPhase section */
		5BA14D3319D27C3C008A730E /* Resources */ = {
			isa = PBXResourcesBuildPhase;
			buildActionMask = 2147483647;
			files = (
				5BA14D5119D27C3C008A730E /* Images.xcassets in Resources */,
				30456EBE19EBBC1800F3A6CA /* background.png in Resources */,
				5BA14D4319D27C3C008A730E /* InfoPlist.strings in Resources */,
				5BA14D4C19D27C3C008A730E /* Main.storyboard in Resources */,
				5B25D4EC19DA5410000D00B6 /* button_back_unselected.png in Resources */,
				5B88106819D4176E0068AF73 /* test.png in Resources */,
			);
			runOnlyForDeploymentPostprocessing = 0;
		};
		5BA14D5419D27C3C008A730E /* Resources */ = {
			isa = PBXResourcesBuildPhase;
			buildActionMask = 2147483647;
			files = (
				5BA14D6219D27C3D008A730E /* InfoPlist.strings in Resources */,
			);
			runOnlyForDeploymentPostprocessing = 0;
		};
/* End PBXResourcesBuildPhase section */

/* Begin PBXSourcesBuildPhase section */
		5BA14D3119D27C3C008A730E /* Sources */ = {
			isa = PBXSourcesBuildPhase;
			buildActionMask = 2147483647;
			files = (
				5BA14D4F19D27C3C008A730E /* ViewController.m in Sources */,
				5BA14D4919D27C3C008A730E /* AppDelegate.m in Sources */,
				5B88106619D416A40068AF73 /* ThumView.m in Sources */,
				5BA14D4519D27C3C008A730E /* main.m in Sources */,
				5B48AB8719D957C900B77FC7 /* BottomTabBar.m in Sources */,
				5B439E0E19DC06F60098459D /* ThumbItem.m in Sources */,
			);
			runOnlyForDeploymentPostprocessing = 0;
		};
		5BA14D5219D27C3C008A730E /* Sources */ = {
			isa = PBXSourcesBuildPhase;
			buildActionMask = 2147483647;
			files = (
				5BA14D6419D27C3D008A730E /* DrawOvalTests.m in Sources */,
			);
			runOnlyForDeploymentPostprocessing = 0;
		};
/* End PBXSourcesBuildPhase section */

/* Begin PBXTargetDependency section */
		5BA14D5C19D27C3C008A730E /* PBXTargetDependency */ = {
			isa = PBXTargetDependency;
			target = 5BA14D3419D27C3C008A730E /* DrawOval */;
			targetProxy = 5BA14D5B19D27C3C008A730E /* PBXContainerItemProxy */;
		};
/* End PBXTargetDependency section */

/* Begin PBXVariantGroup section */
		5BA14D4119D27C3C008A730E /* InfoPlist.strings */ = {
			isa = PBXVariantGroup;
			children = (
				5BA14D4219D27C3C008A730E /* en */,
			);
			name = InfoPlist.strings;
			sourceTree = "<group>";
		};
		5BA14D4A19D27C3C008A730E /* Main.storyboard */ = {
			isa = PBXVariantGroup;
			children = (
				5BA14D4B19D27C3C008A730E /* Base */,
			);
			name = Main.storyboard;
			sourceTree = "<group>";
		};
		5BA14D6019D27C3D008A730E /* InfoPlist.strings */ = {
			isa = PBXVariantGroup;
			children = (
				5BA14D6119D27C3D008A730E /* en */,
			);
			name = InfoPlist.strings;
			sourceTree = "<group>";
		};
/* End PBXVariantGroup section */

/* Begin XCBuildConfiguration section */
		5BA14D6519D27C3D008A730E /* Debug */ = {
			isa = XCBuildConfiguration;
			buildSettings = {
				ALWAYS_SEARCH_USER_PATHS = NO;
				CLANG_CXX_LANGUAGE_STANDARD = "gnu++0x";
				CLANG_CXX_LIBRARY = "libc++";
				CLANG_ENABLE_MODULES = YES;
				CLANG_ENABLE_OBJC_ARC = YES;
				CLANG_WARN_BOOL_CONVERSION = YES;
				CLANG_WARN_CONSTANT_CONVERSION = YES;
				CLANG_WARN_DIRECT_OBJC_ISA_USAGE = YES_ERROR;
				CLANG_WARN_EMPTY_BODY = YES;
				CLANG_WARN_ENUM_CONVERSION = YES;
				CLANG_WARN_INT_CONVERSION = YES;
				CLANG_WARN_OBJC_ROOT_CLASS = YES_ERROR;
				CLANG_WARN__DUPLICATE_METHOD_MATCH = YES;
				"CODE_SIGN_IDENTITY[sdk=iphoneos*]" = "iPhone Developer";
				COPY_PHASE_STRIP = NO;
				GCC_C_LANGUAGE_STANDARD = gnu99;
				GCC_DYNAMIC_NO_PIC = NO;
				GCC_OPTIMIZATION_LEVEL = 0;
				GCC_PREPROCESSOR_DEFINITIONS = (
					"DEBUG=1",
					"$(inherited)",
				);
				GCC_SYMBOLS_PRIVATE_EXTERN = NO;
				GCC_WARN_64_TO_32_BIT_CONVERSION = YES;
				GCC_WARN_ABOUT_RETURN_TYPE = YES_ERROR;
				GCC_WARN_UNDECLARED_SELECTOR = YES;
				GCC_WARN_UNINITIALIZED_AUTOS = YES_AGGRESSIVE;
				GCC_WARN_UNUSED_FUNCTION = YES;
				GCC_WARN_UNUSED_VARIABLE = YES;
				IPHONEOS_DEPLOYMENT_TARGET = 7.1;
				ONLY_ACTIVE_ARCH = YES;
				SDKROOT = iphoneos;
				TARGETED_DEVICE_FAMILY = 2;
			};
			name = Debug;
		};
		5BA14D6619D27C3D008A730E /* Release */ = {
			isa = XCBuildConfiguration;
			buildSettings = {
				ALWAYS_SEARCH_USER_PATHS = NO;
				CLANG_CXX_LANGUAGE_STANDARD = "gnu++0x";
				CLANG_CXX_LIBRARY = "libc++";
				CLANG_ENABLE_MODULES = YES;
				CLANG_ENABLE_OBJC_ARC = YES;
				CLANG_WARN_BOOL_CONVERSION = YES;
				CLANG_WARN_CONSTANT_CONVERSION = YES;
				CLANG_WARN_DIRECT_OBJC_ISA_USAGE = YES_ERROR;
				CLANG_WARN_EMPTY_BODY = YES;
				CLANG_WARN_ENUM_CONVERSION = YES;
				CLANG_WARN_INT_CONVERSION = YES;
				CLANG_WARN_OBJC_ROOT_CLASS = YES_ERROR;
				CLANG_WARN__DUPLICATE_METHOD_MATCH = YES;
				"CODE_SIGN_IDENTITY[sdk=iphoneos*]" = "iPhone Developer";
				COPY_PHASE_STRIP = YES;
				ENABLE_NS_ASSERTIONS = NO;
				GCC_C_LANGUAGE_STANDARD = gnu99;
				GCC_WARN_64_TO_32_BIT_CONVERSION = YES;
				GCC_WARN_ABOUT_RETURN_TYPE = YES_ERROR;
				GCC_WARN_UNDECLARED_SELECTOR = YES;
				GCC_WARN_UNINITIALIZED_AUTOS = YES_AGGRESSIVE;
				GCC_WARN_UNUSED_FUNCTION = YES;
				GCC_WARN_UNUSED_VARIABLE = YES;
				IPHONEOS_DEPLOYMENT_TARGET = 7.1;
				SDKROOT = iphoneos;
				TARGETED_DEVICE_FAMILY = 2;
				VALIDATE_PRODUCT = YES;
			};
			name = Release;
		};
		5BA14D6819D27C3D008A730E /* Debug */ = {
			isa = XCBuildConfiguration;
			buildSettings = {
				ASSETCATALOG_COMPILER_APPICON_NAME = AppIcon;
				ASSETCATALOG_COMPILER_LAUNCHIMAGE_NAME = LaunchImage;
				CODE_SIGN_IDENTITY = "iPhone Developer: Thomas Binzinger (338JMXR78M)";
				GCC_PRECOMPILE_PREFIX_HEADER = YES;
				GCC_PREFIX_HEADER = "DrawOval/DrawOval-Prefix.pch";
				INFOPLIST_FILE = "DrawOval/DrawOval-Info.plist";
				IPHONEOS_DEPLOYMENT_TARGET = 6.0;
				PRODUCT_NAME = "$(TARGET_NAME)";
				PROVISIONING_PROFILE = "93b7442a-f9e4-43f2-a24e-cf4b706eb18a";
				TARGETED_DEVICE_FAMILY = 2;
				WRAPPER_EXTENSION = app;
			};
			name = Debug;
		};
		5BA14D6919D27C3D008A730E /* Release */ = {
			isa = XCBuildConfiguration;
			buildSettings = {
				ASSETCATALOG_COMPILER_APPICON_NAME = AppIcon;
				ASSETCATALOG_COMPILER_LAUNCHIMAGE_NAME = LaunchImage;
				CODE_SIGN_IDENTITY = "iPhone Developer: Thomas Binzinger (338JMXR78M)";
				GCC_PRECOMPILE_PREFIX_HEADER = YES;
				GCC_PREFIX_HEADER = "DrawOval/DrawOval-Prefix.pch";
				INFOPLIST_FILE = "DrawOval/DrawOval-Info.plist";
				IPHONEOS_DEPLOYMENT_TARGET = 6.0;
				PRODUCT_NAME = "$(TARGET_NAME)";
				PROVISIONING_PROFILE = "93b7442a-f9e4-43f2-a24e-cf4b706eb18a";
				TARGETED_DEVICE_FAMILY = 2;
				WRAPPER_EXTENSION = app;
			};
			name = Release;
		};
		5BA14D6B19D27C3D008A730E /* Debug */ = {
			isa = XCBuildConfiguration;
			buildSettings = {
				BUNDLE_LOADER = "$(BUILT_PRODUCTS_DIR)/DrawOval.app/DrawOval";
				FRAMEWORK_SEARCH_PATHS = (
					"$(SDKROOT)/Developer/Library/Frameworks",
					"$(inherited)",
					"$(DEVELOPER_FRAMEWORKS_DIR)",
				);
				GCC_PRECOMPILE_PREFIX_HEADER = YES;
				GCC_PREFIX_HEADER = "DrawOval/DrawOval-Prefix.pch";
				GCC_PREPROCESSOR_DEFINITIONS = (
					"DEBUG=1",
					"$(inherited)",
				);
				INFOPLIST_FILE = "DrawOvalTests/DrawOvalTests-Info.plist";
				PRODUCT_NAME = "$(TARGET_NAME)";
				TEST_HOST = "$(BUNDLE_LOADER)";
				WRAPPER_EXTENSION = xctest;
			};
			name = Debug;
		};
		5BA14D6C19D27C3D008A730E /* Release */ = {
			isa = XCBuildConfiguration;
			buildSettings = {
				BUNDLE_LOADER = "$(BUILT_PRODUCTS_DIR)/DrawOval.app/DrawOval";
				FRAMEWORK_SEARCH_PATHS = (
					"$(SDKROOT)/Developer/Library/Frameworks",
					"$(inherited)",
					"$(DEVELOPER_FRAMEWORKS_DIR)",
				);
				GCC_PRECOMPILE_PREFIX_HEADER = YES;
				GCC_PREFIX_HEADER = "DrawOval/DrawOval-Prefix.pch";
				INFOPLIST_FILE = "DrawOvalTests/DrawOvalTests-Info.plist";
				PRODUCT_NAME = "$(TARGET_NAME)";
				TEST_HOST = "$(BUNDLE_LOADER)";
				WRAPPER_EXTENSION = xctest;
			};
			name = Release;
		};
/* End XCBuildConfiguration section */

/* Begin XCConfigurationList section */
		5BA14D3019D27C3C008A730E /* Build configuration list for PBXProject "DrawOval" */ = {
			isa = XCConfigurationList;
			buildConfigurations = (
				5BA14D6519D27C3D008A730E /* Debug */,
				5BA14D6619D27C3D008A730E /* Release */,
			);
			defaultConfigurationIsVisible = 0;
			defaultConfigurationName = Release;
		};
		5BA14D6719D27C3D008A730E /* Build configuration list for PBXNativeTarget "DrawOval" */ = {
			isa = XCConfigurationList;
			buildConfigurations = (
				5BA14D6819D27C3D008A730E /* Debug */,
				5BA14D6919D27C3D008A730E /* Release */,
			);
			defaultConfigurationIsVisible = 0;
			defaultConfigurationName = Release;
		};
		5BA14D6A19D27C3D008A730E /* Build configuration list for PBXNativeTarget "DrawOvalTests" */ = {
			isa = XCConfigurationList;
			buildConfigurations = (
				5BA14D6B19D27C3D008A730E /* Debug */,
				5BA14D6C19D27C3D008A730E /* Release */,
			);
			defaultConfigurationIsVisible = 0;
			defaultConfigurationName = Release;
		};
/* End XCConfigurationList section */
	};
	rootObject = 5BA14D2D19D27C3C008A730E /* Project object */;
}
